
Microsoft Visual Studio Solution File, Format Version 12.00
# Visual Studio Version 16
VisualStudioVersion = 16.0.30413.136
MinimumVisualStudioVersion = 10.0.40219.1
Project("{FAE04EC0-301F-11D3-BF4B-00C04F79EFBC}") = "TFLCodeInterview", "TFLCodeInterview\TFLCodeInterview.csproj", "{62DB7FE0-95DB-412F-96CC-001F55CA098D}"
EndProject
Global
	GlobalSection(SolutionConfigurationPlatforms) = preSolution
		Debug|Any CPU = Debug|Any CPU
		Release|Any CPU = Release|Any CPU
	EndGlobalSection
	GlobalSection(ProjectConfigurationPlatforms) = postSolution
		{62DB7FE0-95DB-412F-96CC-001F55CA098D}.Debug|Any CPU.ActiveCfg = Debug|Any CPU
		{62DB7FE0-95DB-412F-96CC-001F55CA098D}.Debug|Any CPU.Build.0 = Debug|Any CPU
		{62DB7FE0-95DB-412F-96CC-001F55CA098D}.Release|Any CPU.ActiveCfg = Release|Any CPU
		{62DB7FE0-95DB-412F-96CC-001F55CA098D}.Release|Any CPU.Build.0 = Release|Any CPU
	EndGlobalSection
	GlobalSection(SolutionProperties) = preSolution
		HideSolutionNode = FALSE
	EndGlobalSection
	GlobalSection(ExtensibilityGlobals) = postSolution
		SolutionGuid = {EC59E42D-368C-4844-BC62-21A753C55A15}
	EndGlobalSection
EndGlobal
